// !$*UTF8*$!
{
	archiveVersion = 1;
	classes = {
	};
	objectVersion = 46;
	objects = {

/* Begin PBXBuildFile section */
		873DAE421C59EEFE008CA711 /* Heap.swift in Sources */ = {isa = PBXBuildFile; fileRef = 873DAE411C59EEFE008CA711 /* Heap.swift */; };
		874462721C527716002CEAB9 /* BubbleSort.swift in Sources */ = {isa = PBXBuildFile; fileRef = 874462711C527716002CEAB9 /* BubbleSort.swift */; };
		874462741C527FA5002CEAB9 /* InsertionSort.swift in Sources */ = {isa = PBXBuildFile; fileRef = 874462731C527FA5002CEAB9 /* InsertionSort.swift */; };
		874462761C528CB6002CEAB9 /* MergeSort.swift in Sources */ = {isa = PBXBuildFile; fileRef = 874462751C528CB6002CEAB9 /* MergeSort.swift */; };
		874462781C535A86002CEAB9 /* QuickSort.swift in Sources */ = {isa = PBXBuildFile; fileRef = 874462771C535A86002CEAB9 /* QuickSort.swift */; };
		874462791C5375FB002CEAB9 /* main.swift in Sources */ = {isa = PBXBuildFile; fileRef = 877ABC421C3CB6000081BA44 /* main.swift */; };
		8744627A1C5375FE002CEAB9 /* BubbleSort.swift in Sources */ = {isa = PBXBuildFile; fileRef = 874462711C527716002CEAB9 /* BubbleSort.swift */; };
		8744627B1C537600002CEAB9 /* InsertionSort.swift in Sources */ = {isa = PBXBuildFile; fileRef = 874462731C527FA5002CEAB9 /* InsertionSort.swift */; };
		8744627C1C537603002CEAB9 /* MergeSort.swift in Sources */ = {isa = PBXBuildFile; fileRef = 874462751C528CB6002CEAB9 /* MergeSort.swift */; };
		8744627D1C537605002CEAB9 /* QuickSort.swift in Sources */ = {isa = PBXBuildFile; fileRef = 874462771C535A86002CEAB9 /* QuickSort.swift */; };
		874462811C53AA0A002CEAB9 /* HeapSort.swift in Sources */ = {isa = PBXBuildFile; fileRef = 874462801C53AA0A002CEAB9 /* HeapSort.swift */; };
		874462821C53AA0A002CEAB9 /* HeapSort.swift in Sources */ = {isa = PBXBuildFile; fileRef = 874462801C53AA0A002CEAB9 /* HeapSort.swift */; };
		874462841C53B759002CEAB9 /* CountSort.swift in Sources */ = {isa = PBXBuildFile; fileRef = 874462831C53B759002CEAB9 /* CountSort.swift */; };
		874462851C53B759002CEAB9 /* CountSort.swift in Sources */ = {isa = PBXBuildFile; fileRef = 874462831C53B759002CEAB9 /* CountSort.swift */; };
		877881271DCE3A8400187156 /* Heap.swift in Sources */ = {isa = PBXBuildFile; fileRef = 873DAE411C59EEFE008CA711 /* Heap.swift */; };
		877ABC431C3CB6000081BA44 /* main.swift in Sources */ = {isa = PBXBuildFile; fileRef = 877ABC421C3CB6000081BA44 /* main.swift */; };
		87D0B2AB1C5610AE00A6E0BF /* StdLibFuncWrapper.swift in Sources */ = {isa = PBXBuildFile; fileRef = 87D0B2AA1C5610AE00A6E0BF /* StdLibFuncWrapper.swift */; };
		87D0B2AC1C5610AE00A6E0BF /* StdLibFuncWrapper.swift in Sources */ = {isa = PBXBuildFile; fileRef = 87D0B2AA1C5610AE00A6E0BF /* StdLibFuncWrapper.swift */; };
		87F320311C3D14B600AAD0A8 /* SortAlgorithmsTests.swift in Sources */ = {isa = PBXBuildFile; fileRef = 87F320301C3D14B600AAD0A8 /* SortAlgorithmsTests.swift */; };
/* End PBXBuildFile section */

/* Begin PBXCopyFilesBuildPhase section */
		877ABC3D1C3CB5FF0081BA44 /* CopyFiles */ = {
			isa = PBXCopyFilesBuildPhase;
			buildActionMask = 2147483647;
			dstPath = /usr/share/man/man1/;
			dstSubfolderSpec = 0;
			files = (
			);
			runOnlyForDeploymentPostprocessing = 1;
		};
/* End PBXCopyFilesBuildPhase section */

/* Begin PBXFileReference section */
		873DAE411C59EEFE008CA711 /* Heap.swift */ = {isa = PBXFileReference; fileEncoding = 4; lastKnownFileType = sourcecode.swift; path = Heap.swift; sourceTree = "<group>"; };
		874462711C527716002CEAB9 /* BubbleSort.swift */ = {isa = PBXFileReference; fileEncoding = 4; lastKnownFileType = sourcecode.swift; path = BubbleSort.swift; sourceTree = "<group>"; };
		874462731C527FA5002CEAB9 /* InsertionSort.swift */ = {isa = PBXFileReference; fileEncoding = 4; lastKnownFileType = sourcecode.swift; path = InsertionSort.swift; sourceTree = "<group>"; };
		874462751C528CB6002CEAB9 /* MergeSort.swift */ = {isa = PBXFileReference; fileEncoding = 4; lastKnownFileType = sourcecode.swift; path = MergeSort.swift; sourceTree = "<group>"; };
		874462771C535A86002CEAB9 /* QuickSort.swift */ = {isa = PBXFileReference; fileEncoding = 4; lastKnownFileType = sourcecode.swift; path = QuickSort.swift; sourceTree = "<group>"; };
		874462801C53AA0A002CEAB9 /* HeapSort.swift */ = {isa = PBXFileReference; fileEncoding = 4; lastKnownFileType = sourcecode.swift; path = HeapSort.swift; sourceTree = "<group>"; };
		874462831C53B759002CEAB9 /* CountSort.swift */ = {isa = PBXFileReference; fileEncoding = 4; lastKnownFileType = sourcecode.swift; path = CountSort.swift; sourceTree = "<group>"; };
		877ABC3F1C3CB5FF0081BA44 /* SortAlgorithms */ = {isa = PBXFileReference; explicitFileType = "compiled.mach-o.executable"; includeInIndex = 0; path = SortAlgorithms; sourceTree = BUILT_PRODUCTS_DIR; };
		877ABC421C3CB6000081BA44 /* main.swift */ = {isa = PBXFileReference; lastKnownFileType = sourcecode.swift; path = main.swift; sourceTree = "<group>"; };
		87D0B2AA1C5610AE00A6E0BF /* StdLibFuncWrapper.swift */ = {isa = PBXFileReference; fileEncoding = 4; lastKnownFileType = sourcecode.swift; path = StdLibFuncWrapper.swift; sourceTree = "<group>"; };
		87F3202E1C3D14B600AAD0A8 /* SortAlgorithmsTests.xctest */ = {isa = PBXFileReference; explicitFileType = wrapper.cfbundle; includeInIndex = 0; path = SortAlgorithmsTests.xctest; sourceTree = BUILT_PRODUCTS_DIR; };
		87F320301C3D14B600AAD0A8 /* SortAlgorithmsTests.swift */ = {isa = PBXFileReference; lastKnownFileType = sourcecode.swift; path = SortAlgorithmsTests.swift; sourceTree = "<group>"; };
		87F320321C3D14B600AAD0A8 /* Info.plist */ = {isa = PBXFileReference; lastKnownFileType = text.plist.xml; path = Info.plist; sourceTree = "<group>"; };
/* End PBXFileReference section */

/* Begin PBXFrameworksBuildPhase section */
		877ABC3C1C3CB5FF0081BA44 /* Frameworks */ = {
			isa = PBXFrameworksBuildPhase;
			buildActionMask = 2147483647;
			files = (
			);
			runOnlyForDeploymentPostprocessing = 0;
		};
		87F3202B1C3D14B600AAD0A8 /* Frameworks */ = {
			isa = PBXFrameworksBuildPhase;
			buildActionMask = 2147483647;
			files = (
			);
			runOnlyForDeploymentPostprocessing = 0;
		};
/* End PBXFrameworksBuildPhase section */

/* Begin PBXGroup section */
		877ABC361C3CB5FF0081BA44 = {
			isa = PBXGroup;
			children = (
				877ABC411C3CB5FF0081BA44 /* SortAlgorithms */,
				87F3202F1C3D14B600AAD0A8 /* SortAlgorithmsTests */,
				877ABC401C3CB5FF0081BA44 /* Products */,
			);
			sourceTree = "<group>";
		};
		877ABC401C3CB5FF0081BA44 /* Products */ = {
			isa = PBXGroup;
			children = (
				877ABC3F1C3CB5FF0081BA44 /* SortAlgorithms */,
				87F3202E1C3D14B600AAD0A8 /* SortAlgorithmsTests.xctest */,
			);
			name = Products;
			sourceTree = "<group>";
		};
		877ABC411C3CB5FF0081BA44 /* SortAlgorithms */ = {
			isa = PBXGroup;
			children = (
				877ABC421C3CB6000081BA44 /* main.swift */,
				874462711C527716002CEAB9 /* BubbleSort.swift */,
				874462731C527FA5002CEAB9 /* InsertionSort.swift */,
				874462751C528CB6002CEAB9 /* MergeSort.swift */,
				874462771C535A86002CEAB9 /* QuickSort.swift */,
				874462801C53AA0A002CEAB9 /* HeapSort.swift */,
				873DAE411C59EEFE008CA711 /* Heap.swift */,
				874462831C53B759002CEAB9 /* CountSort.swift */,
				87D0B2AA1C5610AE00A6E0BF /* StdLibFuncWrapper.swift */,
			);
			path = SortAlgorithms;
			sourceTree = "<group>";
		};
		87F3202F1C3D14B600AAD0A8 /* SortAlgorithmsTests */ = {
			isa = PBXGroup;
			children = (
				87F320301C3D14B600AAD0A8 /* SortAlgorithmsTests.swift */,
				87F320321C3D14B600AAD0A8 /* Info.plist */,
			);
			path = SortAlgorithmsTests;
			sourceTree = "<group>";
		};
/* End PBXGroup section */

/* Begin PBXNativeTarget section */
		877ABC3E1C3CB5FF0081BA44 /* SortAlgorithms */ = {
			isa = PBXNativeTarget;
			buildConfigurationList = 877ABC461C3CB6000081BA44 /* Build configuration list for PBXNativeTarget "SortAlgorithms" */;
			buildPhases = (
				877ABC3B1C3CB5FF0081BA44 /* Sources */,
				877ABC3C1C3CB5FF0081BA44 /* Frameworks */,
				877ABC3D1C3CB5FF0081BA44 /* CopyFiles */,
			);
			buildRules = (
			);
			dependencies = (
			);
			name = SortAlgorithms;
			productName = SortAlgorithms;
			productReference = 877ABC3F1C3CB5FF0081BA44 /* SortAlgorithms */;
			productType = "com.apple.product-type.tool";
		};
		87F3202D1C3D14B600AAD0A8 /* SortAlgorithmsTests */ = {
			isa = PBXNativeTarget;
			buildConfigurationList = 87F320351C3D14B600AAD0A8 /* Build configuration list for PBXNativeTarget "SortAlgorithmsTests" */;
			buildPhases = (
				87F3202A1C3D14B600AAD0A8 /* Sources */,
				87F3202B1C3D14B600AAD0A8 /* Frameworks */,
				87F3202C1C3D14B600AAD0A8 /* Resources */,
			);
			buildRules = (
			);
			dependencies = (
			);
			name = SortAlgorithmsTests;
			productName = SortAlgorithmsTests;
			productReference = 87F3202E1C3D14B600AAD0A8 /* SortAlgorithmsTests.xctest */;
			productType = "com.apple.product-type.bundle.unit-test";
		};
/* End PBXNativeTarget section */

/* Begin PBXProject section */
		877ABC371C3CB5FF0081BA44 /* Project object */ = {
			isa = PBXProject;
			attributes = {
				LastSwiftUpdateCheck = 0720;
				LastUpgradeCheck = 0720;
				ORGANIZATIONNAME = dopcn;
				TargetAttributes = {
					877ABC3E1C3CB5FF0081BA44 = {
						CreatedOnToolsVersion = 7.2;
						LastSwiftMigration = 0810;
					};
					87F3202D1C3D14B600AAD0A8 = {
						CreatedOnToolsVersion = 7.2;
						LastSwiftMigration = 0810;
					};
				};
			};
			buildConfigurationList = 877ABC3A1C3CB5FF0081BA44 /* Build configuration list for PBXProject "SortAlgorithms" */;
			compatibilityVersion = "Xcode 3.2";
			developmentRegion = English;
			hasScannedForEncodings = 0;
			knownRegions = (
				en,
			);
			mainGroup = 877ABC361C3CB5FF0081BA44;
			productRefGroup = 877ABC401C3CB5FF0081BA44 /* Products */;
			projectDirPath = "";
			projectRoot = "";
			targets = (
				877ABC3E1C3CB5FF0081BA44 /* SortAlgorithms */,
				87F3202D1C3D14B600AAD0A8 /* SortAlgorithmsTests */,
			);
		};
/* End PBXProject section */

/* Begin PBXResourcesBuildPhase section */
		87F3202C1C3D14B600AAD0A8 /* Resources */ = {
			isa = PBXResourcesBuildPhase;
			buildActionMask = 2147483647;
			files = (
			);
			runOnlyForDeploymentPostprocessing = 0;
		};
/* End PBXResourcesBuildPhase section */

/* Begin PBXSourcesBuildPhase section */
		877ABC3B1C3CB5FF0081BA44 /* Sources */ = {
			isa = PBXSourcesBuildPhase;
			buildActionMask = 2147483647;
			files = (
				873DAE421C59EEFE008CA711 /* Heap.swift in Sources */,
				874462741C527FA5002CEAB9 /* InsertionSort.swift in Sources */,
				87D0B2AB1C5610AE00A6E0BF /* StdLibFuncWrapper.swift in Sources */,
				874462811C53AA0A002CEAB9 /* HeapSort.swift in Sources */,
				874462781C535A86002CEAB9 /* QuickSort.swift in Sources */,
				874462841C53B759002CEAB9 /* CountSort.swift in Sources */,
				877ABC431C3CB6000081BA44 /* main.swift in Sources */,
				874462761C528CB6002CEAB9 /* MergeSort.swift in Sources */,
				874462721C527716002CEAB9 /* BubbleSort.swift in Sources */,
			);
			runOnlyForDeploymentPostprocessing = 0;
		};
		87F3202A1C3D14B600AAD0A8 /* Sources */ = {
			isa = PBXSourcesBuildPhase;
			buildActionMask = 2147483647;
			files = (
				874462791C5375FB002CEAB9 /* main.swift in Sources */,
				877881271DCE3A8400187156 /* Heap.swift in Sources */,
				87D0B2AC1C5610AE00A6E0BF /* StdLibFuncWrapper.swift in Sources */,
				8744627D1C537605002CEAB9 /* QuickSort.swift in Sources */,
				8744627B1C537600002CEAB9 /* InsertionSort.swift in Sources */,
				874462851C53B759002CEAB9 /* CountSort.swift in Sources */,
				874462821C53AA0A002CEAB9 /* HeapSort.swift in Sources */,
				87F320311C3D14B600AAD0A8 /* SortAlgorithmsTests.swift in Sources */,
				8744627A1C5375FE002CEAB9 /* BubbleSort.swift in Sources */,
				8744627C1C537603002CEAB9 /* MergeSort.swift in Sources */,
			);
			runOnlyForDeploymentPostprocessing = 0;
		};
/* End PBXSourcesBuildPhase section */

/* Begin XCBuildConfiguration section */
		877ABC441C3CB6000081BA44 /* Debug */ = {
			isa = XCBuildConfiguration;
			buildSettings = {
				ALWAYS_SEARCH_USER_PATHS = NO;
				CLANG_CXX_LANGUAGE_STANDARD = "gnu++0x";
				CLANG_CXX_LIBRARY = "libc++";
				CLANG_ENABLE_MODULES = YES;
				CLANG_ENABLE_OBJC_ARC = YES;
				CLANG_WARN_BOOL_CONVERSION = YES;
				CLANG_WARN_CONSTANT_CONVERSION = YES;
				CLANG_WARN_DIRECT_OBJC_ISA_USAGE = YES_ERROR;
				CLANG_WARN_EMPTY_BODY = YES;
				CLANG_WARN_ENUM_CONVERSION = YES;
				CLANG_WARN_INT_CONVERSION = YES;
				CLANG_WARN_OBJC_ROOT_CLASS = YES_ERROR;
				CLANG_WARN_UNREACHABLE_CODE = YES;
				CLANG_WARN__DUPLICATE_METHOD_MATCH = YES;
				CODE_SIGN_IDENTITY = "-";
				COPY_PHASE_STRIP = NO;
				DEBUG_INFORMATION_FORMAT = dwarf;
				ENABLE_STRICT_OBJC_MSGSEND = YES;
				ENABLE_TESTABILITY = YES;
				GCC_C_LANGUAGE_STANDARD = gnu99;
				GCC_DYNAMIC_NO_PIC = NO;
				GCC_NO_COMMON_BLOCKS = YES;
				GCC_OPTIMIZATION_LEVEL = 0;
				GCC_PREPROCESSOR_DEFINITIONS = (
					"DEBUG=1",
					"$(inherited)",
				);
				GCC_WARN_64_TO_32_BIT_CONVERSION = YES;
				GCC_WARN_ABOUT_RETURN_TYPE = YES_ERROR;
				GCC_WARN_UNDECLARED_SELECTOR = YES;
				GCC_WARN_UNINITIALIZED_AUTOS = YES_AGGRESSIVE;
				GCC_WARN_UNUSED_FUNCTION = YES;
				GCC_WARN_UNUSED_VARIABLE = YES;
				MACOSX_DEPLOYMENT_TARGET = 10.11;
				MTL_ENABLE_DEBUG_INFO = YES;
				ONLY_ACTIVE_ARCH = YES;
				SDKROOT = macosx;
				SWIFT_OPTIMIZATION_LEVEL = "-Onone";
			};
			name = Debug;
		};
		877ABC451C3CB6000081BA44 /* Release */ = {
			isa = XCBuildConfiguration;
			buildSettings = {
				ALWAYS_SEARCH_USER_PATHS = NO;
				CLANG_CXX_LANGUAGE_STANDARD = "gnu++0x";
				CLANG_CXX_LIBRARY = "libc++";
				CLANG_ENABLE_MODULES = YES;
				CLANG_ENABLE_OBJC_ARC = YES;
				CLANG_WARN_BOOL_CONVERSION = YES;
				CLANG_WARN_CONSTANT_CONVERSION = YES;
				CLANG_WARN_DIRECT_OBJC_ISA_USAGE = YES_ERROR;
				CLANG_WARN_EMPTY_BODY = YES;
				CLANG_WARN_ENUM_CONVERSION = YES;
				CLANG_WARN_INT_CONVERSION = YES;
				CLANG_WARN_OBJC_ROOT_CLASS = YES_ERROR;
				CLANG_WARN_UNREACHABLE_CODE = YES;
				CLANG_WARN__DUPLICATE_METHOD_MATCH = YES;
				CODE_SIGN_IDENTITY = "-";
				COPY_PHASE_STRIP = NO;
				DEBUG_INFORMATION_FORMAT = "dwarf-with-dsym";
				ENABLE_NS_ASSERTIONS = NO;
				ENABLE_STRICT_OBJC_MSGSEND = YES;
				GCC_C_LANGUAGE_STANDARD = gnu99;
				GCC_NO_COMMON_BLOCKS = YES;
				GCC_WARN_64_TO_32_BIT_CONVERSION = YES;
				GCC_WARN_ABOUT_RETURN_TYPE = YES_ERROR;
				GCC_WARN_UNDECLARED_SELECTOR = YES;
				GCC_WARN_UNINITIALIZED_AUTOS = YES_AGGRESSIVE;
				GCC_WARN_UNUSED_FUNCTION = YES;
				GCC_WARN_UNUSED_VARIABLE = YES;
				MACOSX_DEPLOYMENT_TARGET = 10.11;
				MTL_ENABLE_DEBUG_INFO = NO;
				SDKROOT = macosx;
			};
			name = Release;
		};
		877ABC471C3CB6000081BA44 /* Debug */ = {
			isa = XCBuildConfiguration;
			buildSettings = {
				PRODUCT_NAME = "$(TARGET_NAME)";
				SWIFT_VERSION = 3.0;
			};
			name = Debug;
		};
		877ABC481C3CB6000081BA44 /* Release */ = {
			isa = XCBuildConfiguration;
			buildSettings = {
				PRODUCT_NAME = "$(TARGET_NAME)";
				SWIFT_VERSION = 3.0;
			};
			name = Release;
		};
		87F320331C3D14B600AAD0A8 /* Debug */ = {
			isa = XCBuildConfiguration;
			buildSettings = {
				COMBINE_HIDPI_IMAGES = YES;
				INFOPLIST_FILE = SortAlgorithmsTests/Info.plist;
				LD_RUNPATH_SEARCH_PATHS = "$(inherited) @executable_path/../Frameworks @loader_path/../Frameworks";
				PRODUCT_BUNDLE_IDENTIFIER = dopcn.SortAlgorithmsTests;
				PRODUCT_NAME = "$(TARGET_NAME)";
				SWIFT_VERSION = 3.0;
			};
			name = Debug;
		};
		87F320341C3D14B600AAD0A8 /* Release */ = {
			isa = XCBuildConfiguration;
			buildSettings = {
				COMBINE_HIDPI_IMAGES = YES;
				INFOPLIST_FILE = SortAlgorithmsTests/Info.plist;
				LD_RUNPATH_SEARCH_PATHS = "$(inherited) @executable_path/../Frameworks @loader_path/../Frameworks";
				PRODUCT_BUNDLE_IDENTIFIER = dopcn.SortAlgorithmsTests;
				PRODUCT_NAME = "$(TARGET_NAME)";
				SWIFT_VERSION = 3.0;
			};
			name = Release;
		};
/* End XCBuildConfiguration section */

/* Begin XCConfigurationList section */
		877ABC3A1C3CB5FF0081BA44 /* Build configuration list for PBXProject "SortAlgorithms" */ = {
			isa = XCConfigurationList;
			buildConfigurations = (
				877ABC441C3CB6000081BA44 /* Debug */,
				877ABC451C3CB6000081BA44 /* Release */,
			);
			defaultConfigurationIsVisible = 0;
			defaultConfigurationName = Release;
		};
		877ABC461C3CB6000081BA44 /* Build configuration list for PBXNativeTarget "SortAlgorithms" */ = {
			isa = XCConfigurationList;
			buildConfigurations = (
				877ABC471C3CB6000081BA44 /* Debug */,
				877ABC481C3CB6000081BA44 /* Release */,
			);
			defaultConfigurationIsVisible = 0;
			defaultConfigurationName = Release;
		};
		87F320351C3D14B600AAD0A8 /* Build configuration list for PBXNativeTarget "SortAlgorithmsTests" */ = {
			isa = XCConfigurationList;
			buildConfigurations = (
				87F320331C3D14B600AAD0A8 /* Debug */,
				87F320341C3D14B600AAD0A8 /* Release */,
			);
			defaultConfigurationIsVisible = 0;
			defaultConfigurationName = Release;
		};
/* End XCConfigurationList section */
	};
	rootObject = 877ABC371C3CB5FF0081BA44 /* Project object */;
}
